
Microsoft Visual Studio Solution File, Format Version 12.00
# Visual Studio 15
VisualStudioVersion = 15.0.28307.1062
MinimumVisualStudioVersion = 10.0.40219.1
Project("{FAE04EC0-301F-11D3-BF4B-00C04F79EFBC}") = "Tap.Plugins.UMA.InfluxDb", "Tap.Plugins.UMA.InfluxDb\Tap.Plugins.UMA.InfluxDb.csproj", "{DC86260F-24A4-416A-BDEE-14233F9C5843}"
EndProject
Global
	GlobalSection(SolutionConfigurationPlatforms) = preSolution
		Debug|Any CPU = Debug|Any CPU
		Release|Any CPU = Release|Any CPU
	EndGlobalSection
	GlobalSection(ProjectConfigurationPlatforms) = postSolution
		{DC86260F-24A4-416A-BDEE-14233F9C5843}.Debug|Any CPU.ActiveCfg = Debug|Any CPU
		{DC86260F-24A4-416A-BDEE-14233F9C5843}.Debug|Any CPU.Build.0 = Debug|Any CPU
		{DC86260F-24A4-416A-BDEE-14233F9C5843}.Release|Any CPU.ActiveCfg = Release|Any CPU
		{DC86260F-24A4-416A-BDEE-14233F9C5843}.Release|Any CPU.Build.0 = Release|Any CPU
	EndGlobalSection
	GlobalSection(SolutionProperties) = preSolution
		HideSolutionNode = FALSE
	EndGlobalSection
	GlobalSection(ExtensibilityGlobals) = postSolution
		SolutionGuid = {035D06F3-4496-45BF-9EFE-1AD6DBDA831B}
	EndGlobalSection
EndGlobal
